
Microsoft Visual Studio Solution File, Format Version 12.00
# Visual Studio Version 17
VisualStudioVersion = 17.14.36221.1 d17.14
MinimumVisualStudioVersion = 10.0.40219.1
Project("{FAE04EC0-301F-11D3-BF4B-00C04F79EFBC}") = "BankSystemAPI", "BankSystemAPI\BankSystemAPI.csproj", "{FF94CF3F-469D-4E3B-B83C-A5995A6F90B1}"
EndProject
Global
	GlobalSection(SolutionConfigurationPlatforms) = preSolution
		Debug|Any CPU = Debug|Any CPU
		Release|Any CPU = Release|Any CPU
	EndGlobalSection
	GlobalSection(ProjectConfigurationPlatforms) = postSolution
		{FF94CF3F-469D-4E3B-B83C-A5995A6F90B1}.Debug|Any CPU.ActiveCfg = Debug|Any CPU
		{FF94CF3F-469D-4E3B-B83C-A5995A6F90B1}.Debug|Any CPU.Build.0 = Debug|Any CPU
		{FF94CF3F-469D-4E3B-B83C-A5995A6F90B1}.Release|Any CPU.ActiveCfg = Release|Any CPU
		{FF94CF3F-469D-4E3B-B83C-A5995A6F90B1}.Release|Any CPU.Build.0 = Release|Any CPU
	EndGlobalSection
	GlobalSection(SolutionProperties) = preSolution
		HideSolutionNode = FALSE
	EndGlobalSection
	GlobalSection(ExtensibilityGlobals) = postSolution
		SolutionGuid = {DDED3FE2-A727-4CF3-96DF-5C8E06F9F6A0}
	EndGlobalSection
EndGlobal
